<?xml version="1.0" encoding="utf-8"?>
<Project ToolsVersion="4.0" xmlns="http://schemas.microsoft.com/developer/msbuild/2003">
  <ItemGroup>
    <Filter Include="Исходные файлы">
      <UniqueIdentifier>{4FC737F1-C7A5-4376-A066-2A32D752A2FF}</UniqueIdentifier>
      <Extensions>cpp;c;cc;cxx;c++;cppm;ixx;def;odl;idl;hpj;bat;asm;asmx</Extensions>
    </Filter>
    <Filter Include="Файлы заголовков">
      <UniqueIdentifier>{93995380-89BD-4b04-88EB-625FBE52EBFB}</UniqueIdentifier>
      <Extensions>h;hh;hpp;hxx;h++;hm;inl;inc;ipp;xsd</Extensions>
    </Filter>
    <Filter Include="Файлы ресурсов">
      <UniqueIdentifier>{67DA6AB6-F800-4c08-8B7A-83BB121AAD01}</UniqueIdentifier>
      <Extensions>rc;ico;cur;bmp;dlg;rc2;rct;bin;rgs;gif;jpg;jpeg;jpe;resx;tiff;tif;png;wav;mfcribbon-ms</Extensions>
    </Filter>
    <Filter Include="Исходные файлы\mySQL_API">
      <UniqueIdentifier>{fdcba206-7192-4944-8f1a-7c75bdb5537d}</UniqueIdentifier>
    </Filter>
    <Filter Include="Файлы заголовков\mySQL_API">
      <UniqueIdentifier>{f2137f3a-fb63-4434-a096-bc780bdcbff1}</UniqueIdentifier>
    </Filter>
    <Filter Include="Исходные файлы\util">
      <UniqueIdentifier>{6132aa03-e6e4-4ade-9508-068a72933777}</UniqueIdentifier>
    </Filter>
    <Filter Include="Файлы заголовков\util">
      <UniqueIdentifier>{1c80e420-a69c-4df3-b225-13da7466dca3}</UniqueIdentifier>
    </Filter>
    <Filter Include="Исходные файлы\Boost_Asio">
      <UniqueIdentifier>{7c3976a5-68ba-4aa7-ac17-78f1ada7ed86}</UniqueIdentifier>
    </Filter>
    <Filter Include="Файлы заголовков\Boost_Asio">
      <UniqueIdentifier>{687a5f12-8818-4158-8fa4-ef7edc85dab9}</UniqueIdentifier>
    </Filter>
  </ItemGroup>
  <ItemGroup>
    <ClCompile Include="src\main.cpp">
      <Filter>Исходные файлы</Filter>
    </ClCompile>
    <ClCompile Include="src\mySQL_API\mySQL_API_database.cpp">
      <Filter>Исходные файлы\mySQL_API</Filter>
    </ClCompile>
    <ClCompile Include="src\mySQL_API\mySQL_API_messagesTable.cpp">
      <Filter>Исходные файлы\mySQL_API</Filter>
    </ClCompile>
    <ClCompile Include="src\mySQL_API\mySQL_API_table.cpp">
      <Filter>Исходные файлы\mySQL_API</Filter>
    </ClCompile>
    <ClCompile Include="src\mySQL_API\mySQL_API_usersTable.cpp">
      <Filter>Исходные файлы\mySQL_API</Filter>
    </ClCompile>
    <ClCompile Include="src\util\utsname.cpp">
      <Filter>Исходные файлы\util</Filter>
    </ClCompile>
    <ClCompile Include="src\Boost_Asio\Boost_Asio_server.cpp">
      <Filter>Исходные файлы\Boost_Asio</Filter>
    </ClCompile>
  </ItemGroup>
  <ItemGroup>
    <ClInclude Include="include\mySQL_API\mySQL_API_consts.h">
      <Filter>Файлы заголовков\mySQL_API</Filter>
    </ClInclude>
    <ClInclude Include="include\mySQL_API\mySQL_API_database.h">
      <Filter>Файлы заголовков\mySQL_API</Filter>
    </ClInclude>
    <ClInclude Include="include\mySQL_API\mySQL_API_messagesTable.h">
      <Filter>Файлы заголовков\mySQL_API</Filter>
    </ClInclude>
    <ClInclude Include="include\mySQL_API\mySQL_API_table.h">
      <Filter>Файлы заголовков\mySQL_API</Filter>
    </ClInclude>
    <ClInclude Include="include\mySQL_API\mySQL_API_usersTable.h">
      <Filter>Файлы заголовков\mySQL_API</Filter>
    </ClInclude>
    <ClInclude Include="include\util\utsname.h">
      <Filter>Файлы заголовков\util</Filter>
    </ClInclude>
    <ClInclude Include="include\Boost_Asio\Boost_Asio_server.h">
      <Filter>Файлы заголовков\Boost_Asio</Filter>
    </ClInclude>
  </ItemGroup>
</Project>